
Microsoft Visual Studio Solution File, Format Version 12.00
# Visual Studio Version 17
VisualStudioVersion = 17.3.32804.467
MinimumVisualStudioVersion = 10.0.40219.1
Project("{FAE04EC0-301F-11D3-BF4B-00C04F79EFBC}") = "AutoDocs.WordAddIns", "AutoDocs.WordAddIns\AutoDocs.WordAddIns.csproj", "{1702B218-C33B-417F-8CD5-9884B0A998D3}"
EndProject
Global
	GlobalSection(SolutionConfigurationPlatforms) = preSolution
		Debug|Any CPU = Debug|Any CPU
		Release|Any CPU = Release|Any CPU
	EndGlobalSection
	GlobalSection(ProjectConfigurationPlatforms) = postSolution
		{1702B218-C33B-417F-8CD5-9884B0A998D3}.Debug|Any CPU.ActiveCfg = Debug|Any CPU
		{1702B218-C33B-417F-8CD5-9884B0A998D3}.Debug|Any CPU.Build.0 = Debug|Any CPU
		{1702B218-C33B-417F-8CD5-9884B0A998D3}.Release|Any CPU.ActiveCfg = Release|Any CPU
		{1702B218-C33B-417F-8CD5-9884B0A998D3}.Release|Any CPU.Build.0 = Release|Any CPU
	EndGlobalSection
	GlobalSection(SolutionProperties) = preSolution
		HideSolutionNode = FALSE
	EndGlobalSection
	GlobalSection(ExtensibilityGlobals) = postSolution
		SolutionGuid = {B6EAE00D-3043-4CB0-9F38-280E2087406C}
	EndGlobalSection
EndGlobal
